<?xml version="1.0" encoding="UTF-8"?>
<!DOCTYPE plist PUBLIC "-//Apple//DTD PLIST 1.0//EN" "http://www.apple.com/DTDs/PropertyList-1.0.dtd">
<plist version="1.0">
<dict>
	<key>archiveVersion</key>
	<string>1</string>
	<key>classes</key>
	<dict/>
	<key>objectVersion</key>
	<string>46</string>
	<key>objects</key>
	<dict>
		<key>270FDBDC1ED5A3D90047D162</key>
		<dict>
			<key>children</key>
			<array>
				<string>270FDBE71ED5A3D90047D162</string>
				<string>270FDBE61ED5A3D90047D162</string>
				<string>D3E2A42FD49BDCC2CD44E3F4</string>
				<string>7ECFE0D58C3DABA1F622A94F</string>
			</array>
			<key>isa</key>
			<string>PBXGroup</string>
			<key>sourceTree</key>
			<string>&lt;group&gt;</string>
		</dict>
		<key>270FDBDD1ED5A3D90047D162</key>
		<dict>
			<key>attributes</key>
			<dict>
				<key>LastSwiftUpdateCheck</key>
				<string>0820</string>
				<key>LastUpgradeCheck</key>
				<string>0830</string>
				<key>ORGANIZATIONNAME</key>
				<string>menhao</string>
				<key>TargetAttributes</key>
				<dict>
					<key>270FDBE41ED5A3D90047D162</key>
					<dict>
						<key>CreatedOnToolsVersion</key>
						<string>8.2</string>
						<key>DevelopmentTeam</key>
						<string>5Y5SPP5LY6</string>
						<key>ProvisioningStyle</key>
						<string>Automatic</string>
						<key>SystemCapabilities</key>
						<dict>
							<key>com.apple.BackgroundModes</key>
							<dict>
								<key>enabled</key>
								<string>1</string>
							</dict>
						</dict>
					</dict>
				</dict>
			</dict>
			<key>buildConfigurationList</key>
			<string>270FDBE01ED5A3D90047D162</string>
			<key>compatibilityVersion</key>
			<string>Xcode 3.2</string>
			<key>developmentRegion</key>
			<string>English</string>
			<key>hasScannedForEncodings</key>
			<string>0</string>
			<key>isa</key>
			<string>PBXProject</string>
			<key>knownRegions</key>
			<array>
				<string>en</string>
				<string>Base</string>
			</array>
			<key>mainGroup</key>
			<string>270FDBDC1ED5A3D90047D162</string>
			<key>productRefGroup</key>
			<string>270FDBE61ED5A3D90047D162</string>
			<key>projectDirPath</key>
			<string></string>
			<key>projectReferences</key>
			<array/>
			<key>projectRoot</key>
			<string></string>
			<key>targets</key>
			<array>
				<string>270FDBE41ED5A3D90047D162</string>
			</array>
		</dict>
		<key>270FDBE01ED5A3D90047D162</key>
		<dict>
			<key>buildConfigurations</key>
			<array>
				<string>270FDBF51ED5A3D90047D162</string>
				<string>270FDBF61ED5A3D90047D162</string>
			</array>
			<key>defaultConfigurationIsVisible</key>
			<string>0</string>
			<key>defaultConfigurationName</key>
			<string>Release</string>
			<key>isa</key>
			<string>XCConfigurationList</string>
		</dict>
		<key>270FDBE11ED5A3D90047D162</key>
		<dict>
			<key>buildActionMask</key>
			<string>2147483647</string>
			<key>files</key>
			<array>
				<string>F16AA2B81F3C00500050B7DD</string>
				<string>270FDC401ED5B68D0047D162</string>
				<string>F15A4A801EF0DCFB009628A5</string>
				<string>270FDC461ED5C15B0047D162</string>
				<string>F163A0831F60E01200040639</string>
				<string>F163A07A1F60D7E100040639</string>
				<string>F1FF8E811F6135DC007F8085</string>
				<string>F18496E31F380E4500867731</string>
				<string>F15FAC601EEE80930072717C</string>
				<string>F1FF8E841F613908007F8085</string>
				<string>D41EBD171F3AF4780005EF9A</string>
				<string>F1FF8E8A1F61392D007F8085</string>
				<string>F1FF8E8C1F6139BB007F8085</string>
				<string>F17DCA011ED8065B002B0F7F</string>
				<string>F18496E21F380E4500867731</string>
				<string>F1FF8E861F613916007F8085</string>
				<string>F11346BB1ED90E9E0034ABF1</string>
				<string>F1FF8E881F613920007F8085</string>
				<string>F18FCEB11EE1508800985482</string>
				<string>F18496EC1F38912A00867731</string>
				<string>F18496F51F38986F00867731</string>
				<string>F169C0D01F395EDB00329B76</string>
				<string>F1FF8E7E1F6130DD007F8085</string>
				<string>F1FF8E8E1F6139E4007F8085</string>
				<string>F11346B91ED90E9E0034ABF1</string>
				<string>270FDC3B1ED5AC580047D162</string>
				<string>F17DC9E71ED80138002B0F7F</string>
				<string>F1FF8E781F612B6A007F8085</string>
				<string>F1FF8E7B1F612DD0007F8085</string>
				<string>F16AA2B91F3C00500050B7DD</string>
				<string>F18496E91F38738E00867731</string>
				<string>F17DC9E61ED80138002B0F7F</string>
				<string>F11346BA1ED90E9E0034ABF1</string>
				<string>F17DCA161ED82373002B0F7F</string>
				<string>F163A0851F6116EF00040639</string>
				<string>D41EBD191F3BED450005EF9A</string>
				<string>F16AA2B61F3C00500050B7DD</string>
				<string>D41EBD1C1F3BF8DD0005EF9A</string>
				<string>F1FF8E6E1F611F62007F8085</string>
			</array>
			<key>isa</key>
			<string>PBXSourcesBuildPhase</string>
			<key>runOnlyForDeploymentPostprocessing</key>
			<string>0</string>
		</dict>
		<key>270FDBE21ED5A3D90047D162</key>
		<dict>
			<key>buildActionMask</key>
			<string>2147483647</string>
			<key>files</key>
			<array>
				<string>F17DC9C41ED7F6F3002B0F7F</string>
				<string>F17DC9C21ED7F6EB002B0F7F</string>
				<string>F17DC9C01ED7F6E0002B0F7F</string>
				<string>F17DC9BE1ED7F6D7002B0F7F</string>
				<string>F17DC9BC1ED7F6CD002B0F7F</string>
				<string>F17DC9BA1ED7F6C6002B0F7F</string>
				<string>F17DC9B81ED7F6BC002B0F7F</string>
				<string>F17DC9B61ED7F6B3002B0F7F</string>
				<string>F17DC9B41ED7F6AB002B0F7F</string>
				<string>F17DC9B21ED7F62A002B0F7F</string>
				<string>9AC4FA5DC6DD567E73279AD1</string>
				<string>F17DC9AE1ED7F62A002B0F7F</string>
				<string>F17DC9AA1ED7F62A002B0F7F</string>
				<string>F17DC9AB1ED7F62A002B0F7F</string>
				<string>F17DC9B01ED7F62A002B0F7F</string>
				<string>F17DC9AD1ED7F62A002B0F7F</string>
				<string>F17DC9AC1ED7F62A002B0F7F</string>
				<string>F17DC9AF1ED7F62A002B0F7F</string>
				<string>F17DC9B11ED7F62A002B0F7F</string>
			</array>
			<key>isa</key>
			<string>PBXFrameworksBuildPhase</string>
			<key>runOnlyForDeploymentPostprocessing</key>
			<string>0</string>
		</dict>
		<key>270FDBE31ED5A3D90047D162</key>
		<dict>
			<key>buildActionMask</key>
			<string>2147483647</string>
			<key>files</key>
			<array>
				<string>F16AA2B71F3C00500050B7DD</string>
				<string>F18496F71F38987A00867731</string>
				<string>F17DC9EE1ED802EA002B0F7F</string>
				<string>F1FF8E821F6135DC007F8085</string>
				<string>F17DC9EF1ED802EA002B0F7F</string>
				<string>F17DC9F21ED802EA002B0F7F</string>
				<string>270FDBF01ED5A3D90047D162</string>
				<string>F1FF8E7C1F612DD0007F8085</string>
				<string>F17DC9F01ED802EA002B0F7F</string>
				<string>F17DC9F11ED802EA002B0F7F</string>
				<string>F17DCA1A1ED83073002B0F7F</string>
			</array>
			<key>isa</key>
			<string>PBXResourcesBuildPhase</string>
			<key>runOnlyForDeploymentPostprocessing</key>
			<string>0</string>
		</dict>
		<key>270FDBE41ED5A3D90047D162</key>
		<dict>
			<key>buildConfigurationList</key>
			<string>270FDBF71ED5A3D90047D162</string>
			<key>buildPhases</key>
			<array>
				<string>4EBF5D5988E131C17F94EF91</string>
				<string>270FDBE11ED5A3D90047D162</string>
				<string>270FDBE21ED5A3D90047D162</string>
				<string>270FDBE31ED5A3D90047D162</string>
				<string>978A1FB6665598B5A3427A5C</string>
				<string>ACC2EF20094878E1909E4225</string>
			</array>
			<key>buildRules</key>
			<array/>
			<key>dependencies</key>
			<array/>
			<key>isa</key>
			<string>PBXNativeTarget</string>
			<key>name</key>
			<string>Uhome</string>
			<key>productName</key>
			<string>Uhome</string>
			<key>productReference</key>
			<string>270FDBE51ED5A3D90047D162</string>
			<key>productType</key>
			<string>com.apple.product-type.application</string>
		</dict>
		<key>270FDBE51ED5A3D90047D162</key>
		<dict>
			<key>explicitFileType</key>
			<string>wrapper.application</string>
			<key>includeInIndex</key>
			<string>0</string>
			<key>isa</key>
			<string>PBXFileReference</string>
			<key>path</key>
			<string>Uhome.app</string>
			<key>sourceTree</key>
			<string>BUILT_PRODUCTS_DIR</string>
		</dict>
		<key>270FDBE61ED5A3D90047D162</key>
		<dict>
			<key>children</key>
			<array>
				<string>270FDBE51ED5A3D90047D162</string>
			</array>
			<key>isa</key>
			<string>PBXGroup</string>
			<key>name</key>
			<string>Products</string>
			<key>sourceTree</key>
			<string>&lt;group&gt;</string>
		</dict>
		<key>270FDBE71ED5A3D90047D162</key>
		<dict>
			<key>children</key>
			<array>
				<string>270FDC201ED5AC580047D162</string>
				<string>270FDBEF1ED5A3D90047D162</string>
			</array>
			<key>isa</key>
			<string>PBXGroup</string>
			<key>path</key>
			<string>Uhome</string>
			<key>sourceTree</key>
			<string>&lt;group&gt;</string>
		</dict>
		<key>270FDBEF1ED5A3D90047D162</key>
		<dict>
			<key>isa</key>
			<string>PBXFileReference</string>
			<key>lastKnownFileType</key>
			<string>folder.assetcatalog</string>
			<key>path</key>
			<string>Assets.xcassets</string>
			<key>sourceTree</key>
			<string>&lt;group&gt;</string>
		</dict>
		<key>270FDBF01ED5A3D90047D162</key>
		<dict>
			<key>fileRef</key>
			<string>270FDBEF1ED5A3D90047D162</string>
			<key>isa</key>
			<string>PBXBuildFile</string>
		</dict>
		<key>270FDBF51ED5A3D90047D162</key>
		<dict>
			<key>buildSettings</key>
			<dict>
				<key>ALWAYS_SEARCH_USER_PATHS</key>
				<string>NO</string>
				<key>CLANG_ANALYZER_NONNULL</key>
				<string>YES</string>
				<key>CLANG_CXX_LANGUAGE_STANDARD</key>
				<string>gnu++0x</string>
				<key>CLANG_CXX_LIBRARY</key>
				<string>libc++</string>
				<key>CLANG_ENABLE_MODULES</key>
				<string>YES</string>
				<key>CLANG_ENABLE_OBJC_ARC</key>
				<string>YES</string>
				<key>CLANG_WARN_BOOL_CONVERSION</key>
				<string>YES</string>
				<key>CLANG_WARN_CONSTANT_CONVERSION</key>
				<string>YES</string>
				<key>CLANG_WARN_DIRECT_OBJC_ISA_USAGE</key>
				<string>YES_ERROR</string>
				<key>CLANG_WARN_DOCUMENTATION_COMMENTS</key>
				<string>YES</string>
				<key>CLANG_WARN_EMPTY_BODY</key>
				<string>YES</string>
				<key>CLANG_WARN_ENUM_CONVERSION</key>
				<string>YES</string>
				<key>CLANG_WARN_INFINITE_RECURSION</key>
				<string>YES</string>
				<key>CLANG_WARN_INT_CONVERSION</key>
				<string>YES</string>
				<key>CLANG_WARN_OBJC_ROOT_CLASS</key>
				<string>YES_ERROR</string>
				<key>CLANG_WARN_SUSPICIOUS_MOVE</key>
				<string>YES</string>
				<key>CLANG_WARN_UNREACHABLE_CODE</key>
				<string>YES</string>
				<key>CLANG_WARN__DUPLICATE_METHOD_MATCH</key>
				<string>YES</string>
				<key>CODE_SIGN_IDENTITY[sdk=iphoneos*]</key>
				<string>iPhone Developer</string>
				<key>COPY_PHASE_STRIP</key>
				<string>NO</string>
				<key>DEBUG_INFORMATION_FORMAT</key>
				<string>dwarf</string>
				<key>ENABLE_STRICT_OBJC_MSGSEND</key>
				<string>YES</string>
				<key>ENABLE_TESTABILITY</key>
				<string>YES</string>
				<key>GCC_C_LANGUAGE_STANDARD</key>
				<string>gnu99</string>
				<key>GCC_DYNAMIC_NO_PIC</key>
				<string>NO</string>
				<key>GCC_NO_COMMON_BLOCKS</key>
				<string>YES</string>
				<key>GCC_OPTIMIZATION_LEVEL</key>
				<string>0</string>
				<key>GCC_PREPROCESSOR_DEFINITIONS</key>
				<array>
					<string>DEBUG=1</string>
					<string>$(inherited)</string>
				</array>
				<key>GCC_WARN_64_TO_32_BIT_CONVERSION</key>
				<string>YES</string>
				<key>GCC_WARN_ABOUT_RETURN_TYPE</key>
				<string>YES_ERROR</string>
				<key>GCC_WARN_UNDECLARED_SELECTOR</key>
				<string>YES</string>
				<key>GCC_WARN_UNINITIALIZED_AUTOS</key>
				<string>YES_AGGRESSIVE</string>
				<key>GCC_WARN_UNUSED_FUNCTION</key>
				<string>YES</string>
				<key>GCC_WARN_UNUSED_VARIABLE</key>
				<string>YES</string>
				<key>IPHONEOS_DEPLOYMENT_TARGET</key>
				<string>9.0</string>
				<key>MTL_ENABLE_DEBUG_INFO</key>
				<string>YES</string>
				<key>ONLY_ACTIVE_ARCH</key>
				<string>YES</string>
				<key>SDKROOT</key>
				<string>iphoneos</string>
				<key>SWIFT_ACTIVE_COMPILATION_CONDITIONS</key>
				<string>DEBUG</string>
				<key>SWIFT_OPTIMIZATION_LEVEL</key>
				<string>-Onone</string>
			</dict>
			<key>isa</key>
			<string>XCBuildConfiguration</string>
			<key>name</key>
			<string>Debug</string>
		</dict>
		<key>270FDBF61ED5A3D90047D162</key>
		<dict>
			<key>buildSettings</key>
			<dict>
				<key>ALWAYS_SEARCH_USER_PATHS</key>
				<string>NO</string>
				<key>CLANG_ANALYZER_NONNULL</key>
				<string>YES</string>
				<key>CLANG_CXX_LANGUAGE_STANDARD</key>
				<string>gnu++0x</string>
				<key>CLANG_CXX_LIBRARY</key>
				<string>libc++</string>
				<key>CLANG_ENABLE_MODULES</key>
				<string>YES</string>
				<key>CLANG_ENABLE_OBJC_ARC</key>
				<string>YES</string>
				<key>CLANG_WARN_BOOL_CONVERSION</key>
				<string>YES</string>
				<key>CLANG_WARN_CONSTANT_CONVERSION</key>
				<string>YES</string>
				<key>CLANG_WARN_DIRECT_OBJC_ISA_USAGE</key>
				<string>YES_ERROR</string>
				<key>CLANG_WARN_DOCUMENTATION_COMMENTS</key>
				<string>YES</string>
				<key>CLANG_WARN_EMPTY_BODY</key>
				<string>YES</string>
				<key>CLANG_WARN_ENUM_CONVERSION</key>
				<string>YES</string>
				<key>CLANG_WARN_INFINITE_RECURSION</key>
				<string>YES</string>
				<key>CLANG_WARN_INT_CONVERSION</key>
				<string>YES</string>
				<key>CLANG_WARN_OBJC_ROOT_CLASS</key>
				<string>YES_ERROR</string>
				<key>CLANG_WARN_SUSPICIOUS_MOVE</key>
				<string>YES</string>
				<key>CLANG_WARN_UNREACHABLE_CODE</key>
				<string>YES</string>
				<key>CLANG_WARN__DUPLICATE_METHOD_MATCH</key>
				<string>YES</string>
				<key>CODE_SIGN_IDENTITY[sdk=iphoneos*]</key>
				<string>iPhone Developer</string>
				<key>COPY_PHASE_STRIP</key>
				<string>NO</string>
				<key>DEBUG_INFORMATION_FORMAT</key>
				<string>dwarf-with-dsym</string>
				<key>ENABLE_NS_ASSERTIONS</key>
				<string>NO</string>
				<key>ENABLE_STRICT_OBJC_MSGSEND</key>
				<string>YES</string>
				<key>GCC_C_LANGUAGE_STANDARD</key>
				<string>gnu99</string>
				<key>GCC_NO_COMMON_BLOCKS</key>
				<string>YES</string>
				<key>GCC_WARN_64_TO_32_BIT_CONVERSION</key>
				<string>YES</string>
				<key>GCC_WARN_ABOUT_RETURN_TYPE</key>
				<string>YES_ERROR</string>
				<key>GCC_WARN_UNDECLARED_SELECTOR</key>
				<string>YES</string>
				<key>GCC_WARN_UNINITIALIZED_AUTOS</key>
				<string>YES_AGGRESSIVE</string>
				<key>GCC_WARN_UNUSED_FUNCTION</key>
				<string>YES</string>
				<key>GCC_WARN_UNUSED_VARIABLE</key>
				<string>YES</string>
				<key>IPHONEOS_DEPLOYMENT_TARGET</key>
				<string>9.0</string>
				<key>MTL_ENABLE_DEBUG_INFO</key>
				<string>NO</string>
				<key>SDKROOT</key>
				<string>iphoneos</string>
				<key>SWIFT_OPTIMIZATION_LEVEL</key>
				<string>-Owholemodule</string>
				<key>VALIDATE_PRODUCT</key>
				<string>YES</string>
			</dict>
			<key>isa</key>
			<string>XCBuildConfiguration</string>
			<key>name</key>
			<string>Release</string>
		</dict>
		<key>270FDBF71ED5A3D90047D162</key>
		<dict>
			<key>buildConfigurations</key>
			<array>
				<string>270FDBF81ED5A3D90047D162</string>
				<string>270FDBF91ED5A3D90047D162</string>
			</array>
			<key>defaultConfigurationIsVisible</key>
			<string>0</string>
			<key>defaultConfigurationName</key>
			<string>Release</string>
			<key>isa</key>
			<string>XCConfigurationList</string>
		</dict>
		<key>270FDBF81ED5A3D90047D162</key>
		<dict>
			<key>baseConfigurationReference</key>
			<string>7EAE32DB7E39B2B341742954</string>
			<key>buildSettings</key>
			<dict>
				<key>ASSETCATALOG_COMPILER_APPICON_NAME</key>
				<string>AppIcon</string>
				<key>ASSETCATALOG_COMPILER_LAUNCHIMAGE_NAME</key>
				<string>LaunchImage</string>
				<key>DEVELOPMENT_TEAM</key>
				<string>5Y5SPP5LY6</string>
				<key>FRAMEWORK_SEARCH_PATHS</key>
				<array>
					<string>$(inherited)</string>
					<string>$(PROJECT_DIR)/Uhome/Classes/Tools/Vendors/BaiduMapAPI</string>
				</array>
				<key>INFOPLIST_FILE</key>
				<string>Uhome/Classes/Supporting Files/Plist/Info.plist</string>
				<key>IPHONEOS_DEPLOYMENT_TARGET</key>
				<string>9.0</string>
				<key>LD_RUNPATH_SEARCH_PATHS</key>
				<string>$(inherited) @executable_path/Frameworks</string>
				<key>LIBRARY_SEARCH_PATHS</key>
				<array>
					<string>$(inherited)</string>
					<string>$(PROJECT_DIR)/Uhome/Classes/Tools/Vendors/BaiduMapAPI/thirdlibs</string>
				</array>
				<key>PRODUCT_BUNDLE_IDENTIFIER</key>
				<string>com.enjoyskyline.airport.ios1</string>
				<key>PRODUCT_NAME</key>
				<string>$(TARGET_NAME)</string>
				<key>SWIFT_OBJC_BRIDGING_HEADER</key>
				<string>$(SRCROOT)/Uhome/Classes/Tools/Config/Uhome_Header_Bridging.h</string>
				<key>SWIFT_VERSION</key>
				<string>3.0</string>
				<key>USER_HEADER_SEARCH_PATHS</key>
				<string>${SRCROOT}/**</string>
			</dict>
			<key>isa</key>
			<string>XCBuildConfiguration</string>
			<key>name</key>
			<string>Debug</string>
		</dict>
		<key>270FDBF91ED5A3D90047D162</key>
		<dict>
			<key>baseConfigurationReference</key>
			<string>A589C9805FA661C5170E5833</string>
			<key>buildSettings</key>
			<dict>
				<key>ASSETCATALOG_COMPILER_APPICON_NAME</key>
				<string>AppIcon</string>
				<key>ASSETCATALOG_COMPILER_LAUNCHIMAGE_NAME</key>
				<string>LaunchImage</string>
				<key>DEVELOPMENT_TEAM</key>
				<string>5Y5SPP5LY6</string>
				<key>FRAMEWORK_SEARCH_PATHS</key>
				<array>
					<string>$(inherited)</string>
					<string>$(PROJECT_DIR)/Uhome/Classes/Tools/Vendors/BaiduMapAPI</string>
				</array>
				<key>INFOPLIST_FILE</key>
				<string>Uhome/Classes/Supporting Files/Plist/Info.plist</string>
				<key>IPHONEOS_DEPLOYMENT_TARGET</key>
				<string>9.0</string>
				<key>LD_RUNPATH_SEARCH_PATHS</key>
				<string>$(inherited) @executable_path/Frameworks</string>
				<key>LIBRARY_SEARCH_PATHS</key>
				<array>
					<string>$(inherited)</string>
					<string>$(PROJECT_DIR)/Uhome/Classes/Tools/Vendors/BaiduMapAPI/thirdlibs</string>
				</array>
				<key>PRODUCT_BUNDLE_IDENTIFIER</key>
				<string>com.enjoyskyline.airport.ios1</string>
				<key>PRODUCT_NAME</key>
				<string>$(TARGET_NAME)</string>
				<key>SWIFT_OBJC_BRIDGING_HEADER</key>
				<string>$(SRCROOT)/Uhome/Classes/Tools/Config/Uhome_Header_Bridging.h</string>
				<key>SWIFT_VERSION</key>
				<string>3.0</string>
				<key>USER_HEADER_SEARCH_PATHS</key>
				<string>${SRCROOT}/**</string>
			</dict>
			<key>isa</key>
			<string>XCBuildConfiguration</string>
			<key>name</key>
			<string>Release</string>
		</dict>
		<key>270FDC201ED5AC580047D162</key>
		<dict>
			<key>children</key>
			<array>
				<string>F17DC9FF1ED80640002B0F7F</string>
				<string>270FDC221ED5AC580047D162</string>
				<string>270FDC231ED5AC580047D162</string>
				<string>F17DC9F51ED805CF002B0F7F</string>
				<string>270FDC281ED5AC580047D162</string>
				<string>270FDC2C1ED5AC580047D162</string>
			</array>
			<key>isa</key>
			<string>PBXGroup</string>
			<key>path</key>
			<string>Classes</string>
			<key>sourceTree</key>
			<string>&lt;group&gt;</string>
		</dict>
		<key>270FDC221ED5AC580047D162</key>
		<dict>
			<key>children</key>
			<array/>
			<key>isa</key>
			<string>PBXGroup</string>
			<key>path</key>
			<string>DataBase</string>
			<key>sourceTree</key>
			<string>&lt;group&gt;</string>
		</dict>
		<key>270FDC231ED5AC580047D162</key>
		<dict>
			<key>children</key>
			<array>
				<string>270FDC3F1ED5B68D0047D162</string>
			</array>
			<key>isa</key>
			<string>PBXGroup</string>
			<key>path</key>
			<string>Main</string>
			<key>sourceTree</key>
			<string>&lt;group&gt;</string>
		</dict>
		<key>270FDC281ED5AC580047D162</key>
		<dict>
			<key>children</key>
			<array>
				<string>F17DC9E81ED8029C002B0F7F</string>
				<string>270FDC2A1ED5AC580047D162</string>
			</array>
			<key>isa</key>
			<string>PBXGroup</string>
			<key>path</key>
			<string>Supporting Files</string>
			<key>sourceTree</key>
			<string>&lt;group&gt;</string>
		</dict>
		<key>270FDC2A1ED5AC580047D162</key>
		<dict>
			<key>children</key>
			<array>
				<string>270FDC2B1ED5AC580047D162</string>
			</array>
			<key>isa</key>
			<string>PBXGroup</string>
			<key>path</key>
			<string>Plist</string>
			<key>sourceTree</key>
			<string>&lt;group&gt;</string>
		</dict>
		<key>270FDC2B1ED5AC580047D162</key>
		<dict>
			<key>fileEncoding</key>
			<string>4</string>
			<key>isa</key>
			<string>PBXFileReference</string>
			<key>lastKnownFileType</key>
			<string>text.plist.xml</string>
			<key>path</key>
			<string>Info.plist</string>
			<key>sourceTree</key>
			<string>&lt;group&gt;</string>
		</dict>
		<key>270FDC2C1ED5AC580047D162</key>
		<dict>
			<key>children</key>
			<array>
				<string>F18496D91F380E4500867731</string>
				<string>F16A04A71EEE7E5000064BB5</string>
				<string>270FDC2D1ED5AC580047D162</string>
				<string>270FDC2F1ED5AC580047D162</string>
				<string>F17DC96E1ED7E7EC002B0F7F</string>
				<string>270FDC321ED5AC580047D162</string>
				<string>270FDC371ED5AC580047D162</string>
				<string>F17DC99E1ED7F60D002B0F7F</string>
			</array>
			<key>isa</key>
			<string>PBXGroup</string>
			<key>path</key>
			<string>Tools</string>
			<key>sourceTree</key>
			<string>&lt;group&gt;</string>
		</dict>
		<key>270FDC2D1ED5AC580047D162</key>
		<dict>
			<key>children</key>
			<array>
				<string>270FDC2E1ED5AC580047D162</string>
			</array>
			<key>isa</key>
			<string>PBXGroup</string>
			<key>path</key>
			<string>AppDelegate</string>
			<key>sourceTree</key>
			<string>&lt;group&gt;</string>
		</dict>
		<key>270FDC2E1ED5AC580047D162</key>
		<dict>
			<key>fileEncoding</key>
			<string>4</string>
			<key>isa</key>
			<string>PBXFileReference</string>
			<key>lastKnownFileType</key>
			<string>sourcecode.swift</string>
			<key>path</key>
			<string>AppDelegate.swift</string>
			<key>sourceTree</key>
			<string>&lt;group&gt;</string>
		</dict>
		<key>270FDC2F1ED5AC580047D162</key>
		<dict>
			<key>children</key>
			<array>
				<string>270FDC451ED5C15B0047D162</string>
			</array>
			<key>isa</key>
			<string>PBXGroup</string>
			<key>path</key>
			<string>Categories</string>
			<key>sourceTree</key>
			<string>&lt;group&gt;</string>
		</dict>
		<key>270FDC321ED5AC580047D162</key>
		<dict>
			<key>children</key>
			<array>
				<string>D41EBD181F3BED450005EF9A</string>
				<string>F163A0791F60D7E100040639</string>
			</array>
			<key>isa</key>
			<string>PBXGroup</string>
			<key>path</key>
			<string>NetWorking</string>
			<key>sourceTree</key>
			<string>&lt;group&gt;</string>
		</dict>
		<key>270FDC371ED5AC580047D162</key>
		<dict>
			<key>children</key>
			<array/>
			<key>isa</key>
			<string>PBXGroup</string>
			<key>path</key>
			<string>Others</string>
			<key>sourceTree</key>
			<string>&lt;group&gt;</string>
		</dict>
		<key>270FDC3B1ED5AC580047D162</key>
		<dict>
			<key>fileRef</key>
			<string>270FDC2E1ED5AC580047D162</string>
			<key>isa</key>
			<string>PBXBuildFile</string>
		</dict>
		<key>270FDC3F1ED5B68D0047D162</key>
		<dict>
			<key>fileEncoding</key>
			<string>4</string>
			<key>isa</key>
			<string>PBXFileReference</string>
			<key>lastKnownFileType</key>
			<string>sourcecode.swift</string>
			<key>path</key>
			<string>MainNavigationController.swift</string>
			<key>sourceTree</key>
			<string>&lt;group&gt;</string>
		</dict>
		<key>270FDC401ED5B68D0047D162</key>
		<dict>
			<key>fileRef</key>
			<string>270FDC3F1ED5B68D0047D162</string>
			<key>isa</key>
			<string>PBXBuildFile</string>
		</dict>
		<key>270FDC451ED5C15B0047D162</key>
		<dict>
			<key>fileEncoding</key>
			<string>4</string>
			<key>isa</key>
			<string>PBXFileReference</string>
			<key>lastKnownFileType</key>
			<string>sourcecode.swift</string>
			<key>path</key>
			<string>UIColorExtension.swift</string>
			<key>sourceTree</key>
			<string>&lt;group&gt;</string>
		</dict>
		<key>270FDC461ED5C15B0047D162</key>
		<dict>
			<key>fileRef</key>
			<string>270FDC451ED5C15B0047D162</string>
			<key>isa</key>
			<string>PBXBuildFile</string>
		</dict>
		<key>2EBC743EA3ACACD4F56D92FA</key>
		<dict>
			<key>explicitFileType</key>
			<string>wrapper.framework</string>
			<key>includeInIndex</key>
			<string>0</string>
			<key>isa</key>
			<string>PBXFileReference</string>
			<key>path</key>
			<string>Pods_Uhome.framework</string>
			<key>sourceTree</key>
			<string>BUILT_PRODUCTS_DIR</string>
		</dict>
		<key>4EBF5D5988E131C17F94EF91</key>
		<dict>
			<key>buildActionMask</key>
			<string>2147483647</string>
			<key>files</key>
			<array/>
			<key>inputPaths</key>
			<array/>
			<key>isa</key>
			<string>PBXShellScriptBuildPhase</string>
			<key>name</key>
			<string>[CP] Check Pods Manifest.lock</string>
			<key>outputPaths</key>
			<array/>
			<key>runOnlyForDeploymentPostprocessing</key>
			<string>0</string>
			<key>shellPath</key>
			<string>/bin/sh</string>
			<key>shellScript</key>
			<string>diff "${PODS_ROOT}/../Podfile.lock" "${PODS_ROOT}/Manifest.lock" &gt; /dev/null
if [ $? != 0 ] ; then
    # print error to STDERR
    echo "error: The sandbox is not in sync with the Podfile.lock. Run 'pod install' or update your CocoaPods installation." &gt;&amp;2
    exit 1
fi
</string>
			<key>showEnvVarsInLog</key>
			<string>0</string>
		</dict>
		<key>7EAE32DB7E39B2B341742954</key>
		<dict>
			<key>includeInIndex</key>
			<string>1</string>
			<key>isa</key>
			<string>PBXFileReference</string>
			<key>lastKnownFileType</key>
			<string>text.xcconfig</string>
			<key>name</key>
			<string>Pods-Uhome.debug.xcconfig</string>
			<key>path</key>
			<string>Pods/Target Support Files/Pods-Uhome/Pods-Uhome.debug.xcconfig</string>
			<key>sourceTree</key>
			<string>&lt;group&gt;</string>
		</dict>
		<key>7ECFE0D58C3DABA1F622A94F</key>
		<dict>
			<key>children</key>
			<array>
				<string>F17DC9C31ED7F6F3002B0F7F</string>
				<string>F17DC9C11ED7F6EB002B0F7F</string>
				<string>F17DC9BF1ED7F6E0002B0F7F</string>
				<string>F17DC9BD1ED7F6D7002B0F7F</string>
				<string>F17DC9BB1ED7F6CD002B0F7F</string>
				<string>F17DC9B91ED7F6C6002B0F7F</string>
				<string>F17DC9B71ED7F6BC002B0F7F</string>
				<string>F17DC9B51ED7F6B3002B0F7F</string>
				<string>F17DC9B31ED7F6AB002B0F7F</string>
				<string>2EBC743EA3ACACD4F56D92FA</string>
			</array>
			<key>isa</key>
			<string>PBXGroup</string>
			<key>name</key>
			<string>Frameworks</string>
			<key>sourceTree</key>
			<string>&lt;group&gt;</string>
		</dict>
		<key>978A1FB6665598B5A3427A5C</key>
		<dict>
			<key>buildActionMask</key>
			<string>2147483647</string>
			<key>files</key>
			<array/>
			<key>inputPaths</key>
			<array/>
			<key>isa</key>
			<string>PBXShellScriptBuildPhase</string>
			<key>name</key>
			<string>[CP] Embed Pods Frameworks</string>
			<key>outputPaths</key>
			<array/>
			<key>runOnlyForDeploymentPostprocessing</key>
			<string>0</string>
			<key>shellPath</key>
			<string>/bin/sh</string>
			<key>shellScript</key>
			<string>"${SRCROOT}/Pods/Target Support Files/Pods-Uhome/Pods-Uhome-frameworks.sh"
</string>
			<key>showEnvVarsInLog</key>
			<string>0</string>
		</dict>
		<key>9AC4FA5DC6DD567E73279AD1</key>
		<dict>
			<key>fileRef</key>
			<string>2EBC743EA3ACACD4F56D92FA</string>
			<key>isa</key>
			<string>PBXBuildFile</string>
		</dict>
		<key>A589C9805FA661C5170E5833</key>
		<dict>
			<key>includeInIndex</key>
			<string>1</string>
			<key>isa</key>
			<string>PBXFileReference</string>
			<key>lastKnownFileType</key>
			<string>text.xcconfig</string>
			<key>name</key>
			<string>Pods-Uhome.release.xcconfig</string>
			<key>path</key>
			<string>Pods/Target Support Files/Pods-Uhome/Pods-Uhome.release.xcconfig</string>
			<key>sourceTree</key>
			<string>&lt;group&gt;</string>
		</dict>
		<key>ACC2EF20094878E1909E4225</key>
		<dict>
			<key>buildActionMask</key>
			<string>2147483647</string>
			<key>files</key>
			<array/>
			<key>inputPaths</key>
			<array/>
			<key>isa</key>
			<string>PBXShellScriptBuildPhase</string>
			<key>name</key>
			<string>[CP] Copy Pods Resources</string>
			<key>outputPaths</key>
			<array/>
			<key>runOnlyForDeploymentPostprocessing</key>
			<string>0</string>
			<key>shellPath</key>
			<string>/bin/sh</string>
			<key>shellScript</key>
			<string>"${SRCROOT}/Pods/Target Support Files/Pods-Uhome/Pods-Uhome-resources.sh"
</string>
			<key>showEnvVarsInLog</key>
			<string>0</string>
		</dict>
		<key>D3E2A42FD49BDCC2CD44E3F4</key>
		<dict>
			<key>children</key>
			<array>
				<string>7EAE32DB7E39B2B341742954</string>
				<string>A589C9805FA661C5170E5833</string>
			</array>
			<key>isa</key>
			<string>PBXGroup</string>
			<key>name</key>
			<string>Pods</string>
			<key>sourceTree</key>
			<string>&lt;group&gt;</string>
		</dict>
		<key>D41EBD121F3AF4490005EF9A</key>
		<dict>
			<key>children</key>
			<array>
				<string>D41EBD161F3AF4780005EF9A</string>
				<string>F163A0841F6116EF00040639</string>
			</array>
			<key>isa</key>
			<string>PBXGroup</string>
			<key>path</key>
			<string>Model</string>
			<key>sourceTree</key>
			<string>&lt;group&gt;</string>
		</dict>
		<key>D41EBD161F3AF4780005EF9A</key>
		<dict>
			<key>fileEncoding</key>
			<string>4</string>
			<key>isa</key>
			<string>PBXFileReference</string>
			<key>lastKnownFileType</key>
			<string>sourcecode.swift</string>
			<key>path</key>
			<string>LoginModel.swift</string>
			<key>sourceTree</key>
			<string>&lt;group&gt;</string>
		</dict>
		<key>D41EBD171F3AF4780005EF9A</key>
		<dict>
			<key>fileRef</key>
			<string>D41EBD161F3AF4780005EF9A</string>
			<key>isa</key>
			<string>PBXBuildFile</string>
		</dict>
		<key>D41EBD181F3BED450005EF9A</key>
		<dict>
			<key>fileEncoding</key>
			<string>4</string>
			<key>isa</key>
			<string>PBXFileReference</string>
			<key>lastKnownFileType</key>
			<string>sourcecode.swift</string>
			<key>name</key>
			<string>UhomeNetManager.swift</string>
			<key>path</key>
			<string>Uhome/Classes/Module/Login/Controller/Model/UhomeNetManager.swift</string>
			<key>sourceTree</key>
			<string>SOURCE_ROOT</string>
		</dict>
		<key>D41EBD191F3BED450005EF9A</key>
		<dict>
			<key>fileRef</key>
			<string>D41EBD181F3BED450005EF9A</string>
			<key>isa</key>
			<string>PBXBuildFile</string>
		</dict>
		<key>D41EBD1A1F3BF8C30005EF9A</key>
		<dict>
			<key>children</key>
			<array>
				<string>D41EBD1B1F3BF8DD0005EF9A</string>
			</array>
			<key>isa</key>
			<string>PBXGroup</string>
			<key>path</key>
			<string>Controller</string>
			<key>sourceTree</key>
			<string>&lt;group&gt;</string>
		</dict>
		<key>D41EBD1B1F3BF8DD0005EF9A</key>
		<dict>
			<key>fileEncoding</key>
			<string>4</string>
			<key>isa</key>
			<string>PBXFileReference</string>
			<key>lastKnownFileType</key>
			<string>sourcecode.swift</string>
			<key>path</key>
			<string>ActivityViewController.swift</string>
			<key>sourceTree</key>
			<string>&lt;group&gt;</string>
		</dict>
		<key>D41EBD1C1F3BF8DD0005EF9A</key>
		<dict>
			<key>fileRef</key>
			<string>D41EBD1B1F3BF8DD0005EF9A</string>
			<key>isa</key>
			<string>PBXBuildFile</string>
		</dict>
		<key>F11346B21ED90E9E0034ABF1</key>
		<dict>
			<key>children</key>
			<array>
				<string>F11346B31ED90E9E0034ABF1</string>
				<string>F11346B41ED90E9E0034ABF1</string>
				<string>F11346B51ED90E9E0034ABF1</string>
				<string>F11346B61ED90E9E0034ABF1</string>
				<string>F11346B71ED90E9E0034ABF1</string>
				<string>F11346B81ED90E9E0034ABF1</string>
			</array>
			<key>isa</key>
			<string>PBXGroup</string>
			<key>path</key>
			<string>NewFeatures</string>
			<key>sourceTree</key>
			<string>&lt;group&gt;</string>
		</dict>
		<key>F11346B31ED90E9E0034ABF1</key>
		<dict>
			<key>fileEncoding</key>
			<string>4</string>
			<key>isa</key>
			<string>PBXFileReference</string>
			<key>lastKnownFileType</key>
			<string>sourcecode.c.h</string>
			<key>path</key>
			<string>SMPageControl.h</string>
			<key>sourceTree</key>
			<string>&lt;group&gt;</string>
		</dict>
		<key>F11346B41ED90E9E0034ABF1</key>
		<dict>
			<key>fileEncoding</key>
			<string>4</string>
			<key>isa</key>
			<string>PBXFileReference</string>
			<key>lastKnownFileType</key>
			<string>sourcecode.c.objc</string>
			<key>path</key>
			<string>SMPageControl.m</string>
			<key>sourceTree</key>
			<string>&lt;group&gt;</string>
		</dict>
		<key>F11346B51ED90E9E0034ABF1</key>
		<dict>
			<key>fileEncoding</key>
			<string>4</string>
			<key>isa</key>
			<string>PBXFileReference</string>
			<key>lastKnownFileType</key>
			<string>sourcecode.c.h</string>
			<key>path</key>
			<string>TailorxLeadingCollectionViewCell.h</string>
			<key>sourceTree</key>
			<string>&lt;group&gt;</string>
		</dict>
		<key>F11346B61ED90E9E0034ABF1</key>
		<dict>
			<key>fileEncoding</key>
			<string>4</string>
			<key>isa</key>
			<string>PBXFileReference</string>
			<key>lastKnownFileType</key>
			<string>sourcecode.c.objc</string>
			<key>path</key>
			<string>TailorxLeadingCollectionViewCell.m</string>
			<key>sourceTree</key>
			<string>&lt;group&gt;</string>
		</dict>
		<key>F11346B71ED90E9E0034ABF1</key>
		<dict>
			<key>fileEncoding</key>
			<string>4</string>
			<key>isa</key>
			<string>PBXFileReference</string>
			<key>lastKnownFileType</key>
			<string>sourcecode.c.h</string>
			<key>path</key>
			<string>TailorxLeadingViewController.h</string>
			<key>sourceTree</key>
			<string>&lt;group&gt;</string>
		</dict>
		<key>F11346B81ED90E9E0034ABF1</key>
		<dict>
			<key>fileEncoding</key>
			<string>4</string>
			<key>isa</key>
			<string>PBXFileReference</string>
			<key>lastKnownFileType</key>
			<string>sourcecode.c.objc</string>
			<key>path</key>
			<string>TailorxLeadingViewController.m</string>
			<key>sourceTree</key>
			<string>&lt;group&gt;</string>
		</dict>
		<key>F11346B91ED90E9E0034ABF1</key>
		<dict>
			<key>fileRef</key>
			<string>F11346B41ED90E9E0034ABF1</string>
			<key>isa</key>
			<string>PBXBuildFile</string>
		</dict>
		<key>F11346BA1ED90E9E0034ABF1</key>
		<dict>
			<key>fileRef</key>
			<string>F11346B61ED90E9E0034ABF1</string>
			<key>isa</key>
			<string>PBXBuildFile</string>
		</dict>
		<key>F11346BB1ED90E9E0034ABF1</key>
		<dict>
			<key>fileRef</key>
			<string>F11346B81ED90E9E0034ABF1</string>
			<key>isa</key>
			<string>PBXBuildFile</string>
		</dict>
		<key>F144186D1EF10E0600F8691E</key>
		<dict>
			<key>children</key>
			<array/>
			<key>isa</key>
			<string>PBXGroup</string>
			<key>path</key>
			<string>ViewModel</string>
			<key>sourceTree</key>
			<string>&lt;group&gt;</string>
		</dict>
		<key>F15A4A7F1EF0DCFB009628A5</key>
		<dict>
			<key>fileEncoding</key>
			<string>4</string>
			<key>isa</key>
			<string>PBXFileReference</string>
			<key>lastKnownFileType</key>
			<string>sourcecode.swift</string>
			<key>path</key>
			<string>UhomeError.swift</string>
			<key>sourceTree</key>
			<string>&lt;group&gt;</string>
		</dict>
		<key>F15A4A801EF0DCFB009628A5</key>
		<dict>
			<key>fileRef</key>
			<string>F15A4A7F1EF0DCFB009628A5</string>
			<key>isa</key>
			<string>PBXBuildFile</string>
		</dict>
		<key>F15FAC5F1EEE80930072717C</key>
		<dict>
			<key>fileEncoding</key>
			<string>4</string>
			<key>isa</key>
			<string>PBXFileReference</string>
			<key>lastKnownFileType</key>
			<string>sourcecode.swift</string>
			<key>path</key>
			<string>UhomeFunctionTools.swift</string>
			<key>sourceTree</key>
			<string>&lt;group&gt;</string>
		</dict>
		<key>F15FAC601EEE80930072717C</key>
		<dict>
			<key>fileRef</key>
			<string>F15FAC5F1EEE80930072717C</string>
			<key>isa</key>
			<string>PBXBuildFile</string>
		</dict>
		<key>F163A0791F60D7E100040639</key>
		<dict>
			<key>fileEncoding</key>
			<string>4</string>
			<key>isa</key>
			<string>PBXFileReference</string>
			<key>lastKnownFileType</key>
			<string>sourcecode.swift</string>
			<key>path</key>
			<string>NetworkConst.swift</string>
			<key>sourceTree</key>
			<string>&lt;group&gt;</string>
		</dict>
		<key>F163A07A1F60D7E100040639</key>
		<dict>
			<key>fileRef</key>
			<string>F163A0791F60D7E100040639</string>
			<key>isa</key>
			<string>PBXBuildFile</string>
		</dict>
		<key>F163A0821F60E01200040639</key>
		<dict>
			<key>fileEncoding</key>
			<string>4</string>
			<key>isa</key>
			<string>PBXFileReference</string>
			<key>lastKnownFileType</key>
			<string>sourcecode.swift</string>
			<key>path</key>
			<string>Validation.swift</string>
			<key>sourceTree</key>
			<string>&lt;group&gt;</string>
		</dict>
		<key>F163A0831F60E01200040639</key>
		<dict>
			<key>fileRef</key>
			<string>F163A0821F60E01200040639</string>
			<key>isa</key>
			<string>PBXBuildFile</string>
		</dict>
		<key>F163A0841F6116EF00040639</key>
		<dict>
			<key>fileEncoding</key>
			<string>4</string>
			<key>isa</key>
			<string>PBXFileReference</string>
			<key>lastKnownFileType</key>
			<string>sourcecode.swift</string>
			<key>path</key>
			<string>LoginCodeModel.swift</string>
			<key>sourceTree</key>
			<string>&lt;group&gt;</string>
		</dict>
		<key>F163A0851F6116EF00040639</key>
		<dict>
			<key>fileRef</key>
			<string>F163A0841F6116EF00040639</string>
			<key>isa</key>
			<string>PBXBuildFile</string>
		</dict>
		<key>F169C0CA1F395EB600329B76</key>
		<dict>
			<key>children</key>
			<array>
				<string>F169C0CF1F395EDB00329B76</string>
				<string>F1FF8E831F613908007F8085</string>
				<string>F1FF8E851F613916007F8085</string>
				<string>F1FF8E871F613920007F8085</string>
				<string>F1FF8E891F61392D007F8085</string>
				<string>F1FF8E8B1F6139BB007F8085</string>
				<string>F1FF8E8D1F6139E4007F8085</string>
			</array>
			<key>isa</key>
			<string>PBXGroup</string>
			<key>path</key>
			<string>Controller</string>
			<key>sourceTree</key>
			<string>&lt;group&gt;</string>
		</dict>
		<key>F169C0CB1F395EB600329B76</key>
		<dict>
			<key>children</key>
			<array/>
			<key>isa</key>
			<string>PBXGroup</string>
			<key>path</key>
			<string>Model</string>
			<key>sourceTree</key>
			<string>&lt;group&gt;</string>
		</dict>
		<key>F169C0CC1F395EB600329B76</key>
		<dict>
			<key>children</key>
			<array/>
			<key>isa</key>
			<string>PBXGroup</string>
			<key>path</key>
			<string>Tools</string>
			<key>sourceTree</key>
			<string>&lt;group&gt;</string>
		</dict>
		<key>F169C0CD1F395EB600329B76</key>
		<dict>
			<key>children</key>
			<array>
				<string>F1FF8E7F1F6135DC007F8085</string>
				<string>F1FF8E801F6135DC007F8085</string>
			</array>
			<key>isa</key>
			<string>PBXGroup</string>
			<key>path</key>
			<string>View</string>
			<key>sourceTree</key>
			<string>&lt;group&gt;</string>
		</dict>
		<key>F169C0CE1F395EB600329B76</key>
		<dict>
			<key>children</key>
			<array/>
			<key>isa</key>
			<string>PBXGroup</string>
			<key>path</key>
			<string>ViewModel</string>
			<key>sourceTree</key>
			<string>&lt;group&gt;</string>
		</dict>
		<key>F169C0CF1F395EDB00329B76</key>
		<dict>
			<key>fileEncoding</key>
			<string>4</string>
			<key>isa</key>
			<string>PBXFileReference</string>
			<key>lastKnownFileType</key>
			<string>sourcecode.swift</string>
			<key>path</key>
			<string>PersonalViewController.swift</string>
			<key>sourceTree</key>
			<string>&lt;group&gt;</string>
		</dict>
		<key>F169C0D01F395EDB00329B76</key>
		<dict>
			<key>fileRef</key>
			<string>F169C0CF1F395EDB00329B76</string>
			<key>isa</key>
			<string>PBXBuildFile</string>
		</dict>
		<key>F16A04A71EEE7E5000064BB5</key>
		<dict>
			<key>children</key>
			<array>
				<string>F163A0821F60E01200040639</string>
				<string>F15FAC5F1EEE80930072717C</string>
				<string>F15A4A7F1EF0DCFB009628A5</string>
			</array>
			<key>isa</key>
			<string>PBXGroup</string>
			<key>path</key>
			<string>Utils</string>
			<key>sourceTree</key>
			<string>&lt;group&gt;</string>
		</dict>
		<key>F16AA2AE1F3C00500050B7DD</key>
		<dict>
			<key>children</key>
			<array>
				<string>F16AA2AF1F3C00500050B7DD</string>
				<string>F16AA2B01F3C00500050B7DD</string>
				<string>F16AA2B11F3C00500050B7DD</string>
				<string>F16AA2B21F3C00500050B7DD</string>
				<string>F16AA2B31F3C00500050B7DD</string>
				<string>F16AA2B41F3C00500050B7DD</string>
				<string>F16AA2B51F3C00500050B7DD</string>
			</array>
			<key>isa</key>
			<string>PBXGroup</string>
			<key>path</key>
			<string>MBProgressHUD</string>
			<key>sourceTree</key>
			<string>&lt;group&gt;</string>
		</dict>
		<key>F16AA2AF1F3C00500050B7DD</key>
		<dict>
			<key>fileEncoding</key>
			<string>4</string>
			<key>isa</key>
			<string>PBXFileReference</string>
			<key>lastKnownFileType</key>
			<string>sourcecode.c.h</string>
			<key>path</key>
			<string>MBProgressHUD+Add.h</string>
			<key>sourceTree</key>
			<string>&lt;group&gt;</string>
		</dict>
		<key>F16AA2B01F3C00500050B7DD</key>
		<dict>
			<key>fileEncoding</key>
			<string>4</string>
			<key>isa</key>
			<string>PBXFileReference</string>
			<key>lastKnownFileType</key>
			<string>sourcecode.c.objc</string>
			<key>path</key>
			<string>MBProgressHUD+Add.m</string>
			<key>sourceTree</key>
			<string>&lt;group&gt;</string>
		</dict>
		<key>F16AA2B11F3C00500050B7DD</key>
		<dict>
			<key>isa</key>
			<string>PBXFileReference</string>
			<key>lastKnownFileType</key>
			<string>wrapper.plug-in</string>
			<key>path</key>
			<string>MBProgressHUD+CMKit.bundle</string>
			<key>sourceTree</key>
			<string>&lt;group&gt;</string>
		</dict>
		<key>F16AA2B21F3C00500050B7DD</key>
		<dict>
			<key>fileEncoding</key>
			<string>4</string>
			<key>isa</key>
			<string>PBXFileReference</string>
			<key>lastKnownFileType</key>
			<string>sourcecode.c.h</string>
			<key>path</key>
			<string>MBProgressHUD+CMKit.h</string>
			<key>sourceTree</key>
			<string>&lt;group&gt;</string>
		</dict>
		<key>F16AA2B31F3C00500050B7DD</key>
		<dict>
			<key>fileEncoding</key>
			<string>4</string>
			<key>isa</key>
			<string>PBXFileReference</string>
			<key>lastKnownFileType</key>
			<string>sourcecode.c.objc</string>
			<key>path</key>
			<string>MBProgressHUD+CMKit.m</string>
			<key>sourceTree</key>
			<string>&lt;group&gt;</string>
		</dict>
		<key>F16AA2B41F3C00500050B7DD</key>
		<dict>
			<key>fileEncoding</key>
			<string>4</string>
			<key>isa</key>
			<string>PBXFileReference</string>
			<key>lastKnownFileType</key>
			<string>sourcecode.c.h</string>
			<key>path</key>
			<string>MBProgressHUD.h</string>
			<key>sourceTree</key>
			<string>&lt;group&gt;</string>
		</dict>
		<key>F16AA2B51F3C00500050B7DD</key>
		<dict>
			<key>fileEncoding</key>
			<string>4</string>
			<key>isa</key>
			<string>PBXFileReference</string>
			<key>lastKnownFileType</key>
			<string>sourcecode.c.objc</string>
			<key>path</key>
			<string>MBProgressHUD.m</string>
			<key>sourceTree</key>
			<string>&lt;group&gt;</string>
		</dict>
		<key>F16AA2B61F3C00500050B7DD</key>
		<dict>
			<key>fileRef</key>
			<string>F16AA2B01F3C00500050B7DD</string>
			<key>isa</key>
			<string>PBXBuildFile</string>
		</dict>
		<key>F16AA2B71F3C00500050B7DD</key>
		<dict>
			<key>fileRef</key>
			<string>F16AA2B11F3C00500050B7DD</string>
			<key>isa</key>
			<string>PBXBuildFile</string>
		</dict>
		<key>F16AA2B81F3C00500050B7DD</key>
		<dict>
			<key>fileRef</key>
			<string>F16AA2B31F3C00500050B7DD</string>
			<key>isa</key>
			<string>PBXBuildFile</string>
		</dict>
		<key>F16AA2B91F3C00500050B7DD</key>
		<dict>
			<key>fileRef</key>
			<string>F16AA2B51F3C00500050B7DD</string>
			<key>isa</key>
			<string>PBXBuildFile</string>
		</dict>
		<key>F17DC96E1ED7E7EC002B0F7F</key>
		<dict>
			<key>children</key>
			<array>
				<string>F17DC9721ED7EB83002B0F7F</string>
				<string>F17DCA141ED8147E002B0F7F</string>
			</array>
			<key>isa</key>
			<string>PBXGroup</string>
			<key>path</key>
			<string>Config</string>
			<key>sourceTree</key>
			<string>&lt;group&gt;</string>
		</dict>
		<key>F17DC9721ED7EB83002B0F7F</key>
		<dict>
			<key>fileEncoding</key>
			<string>4</string>
			<key>isa</key>
			<string>PBXFileReference</string>
			<key>lastKnownFileType</key>
			<string>sourcecode.c.h</string>
			<key>path</key>
			<string>Uhome_Header_Bridging.h</string>
			<key>sourceTree</key>
			<string>&lt;group&gt;</string>
		</dict>
		<key>F17DC99E1ED7F60D002B0F7F</key>
		<dict>
			<key>children</key>
			<array>
				<string>F16AA2AE1F3C00500050B7DD</string>
				<string>F11346B21ED90E9E0034ABF1</string>
				<string>F17DC9E11ED80138002B0F7F</string>
				<string>F17DC99F1ED7F62A002B0F7F</string>
			</array>
			<key>isa</key>
			<string>PBXGroup</string>
			<key>path</key>
			<string>Vendors</string>
			<key>sourceTree</key>
			<string>&lt;group&gt;</string>
		</dict>
		<key>F17DC99F1ED7F62A002B0F7F</key>
		<dict>
			<key>children</key>
			<array>
				<string>F17DCA181ED83073002B0F7F</string>
				<string>F17DC9A01ED7F62A002B0F7F</string>
				<string>F17DC9A11ED7F62A002B0F7F</string>
				<string>F17DC9A21ED7F62A002B0F7F</string>
				<string>F17DC9A31ED7F62A002B0F7F</string>
				<string>F17DC9A41ED7F62A002B0F7F</string>
				<string>F17DC9A51ED7F62A002B0F7F</string>
				<string>F17DC9A61ED7F62A002B0F7F</string>
				<string>F17DC9A71ED7F62A002B0F7F</string>
			</array>
			<key>isa</key>
			<string>PBXGroup</string>
			<key>path</key>
			<string>BaiduMapAPI</string>
			<key>sourceTree</key>
			<string>&lt;group&gt;</string>
		</dict>
		<key>F17DC9A01ED7F62A002B0F7F</key>
		<dict>
			<key>isa</key>
			<string>PBXFileReference</string>
			<key>lastKnownFileType</key>
			<string>wrapper.framework</string>
			<key>path</key>
			<string>BaiduMapAPI_Base.framework</string>
			<key>sourceTree</key>
			<string>&lt;group&gt;</string>
		</dict>
		<key>F17DC9A11ED7F62A002B0F7F</key>
		<dict>
			<key>isa</key>
			<string>PBXFileReference</string>
			<key>lastKnownFileType</key>
			<string>wrapper.framework</string>
			<key>path</key>
			<string>BaiduMapAPI_Cloud.framework</string>
			<key>sourceTree</key>
			<string>&lt;group&gt;</string>
		</dict>
		<key>F17DC9A21ED7F62A002B0F7F</key>
		<dict>
			<key>isa</key>
			<string>PBXFileReference</string>
			<key>lastKnownFileType</key>
			<string>wrapper.framework</string>
			<key>path</key>
			<string>BaiduMapAPI_Location.framework</string>
			<key>sourceTree</key>
			<string>&lt;group&gt;</string>
		</dict>
		<key>F17DC9A31ED7F62A002B0F7F</key>
		<dict>
			<key>isa</key>
			<string>PBXFileReference</string>
			<key>lastKnownFileType</key>
			<string>wrapper.framework</string>
			<key>path</key>
			<string>BaiduMapAPI_Map.framework</string>
			<key>sourceTree</key>
			<string>&lt;group&gt;</string>
		</dict>
		<key>F17DC9A41ED7F62A002B0F7F</key>
		<dict>
			<key>isa</key>
			<string>PBXFileReference</string>
			<key>lastKnownFileType</key>
			<string>wrapper.framework</string>
			<key>path</key>
			<string>BaiduMapAPI_Radar.framework</string>
			<key>sourceTree</key>
			<string>&lt;group&gt;</string>
		</dict>
		<key>F17DC9A51ED7F62A002B0F7F</key>
		<dict>
			<key>isa</key>
			<string>PBXFileReference</string>
			<key>lastKnownFileType</key>
			<string>wrapper.framework</string>
			<key>path</key>
			<string>BaiduMapAPI_Search.framework</string>
			<key>sourceTree</key>
			<string>&lt;group&gt;</string>
		</dict>
		<key>F17DC9A61ED7F62A002B0F7F</key>
		<dict>
			<key>isa</key>
			<string>PBXFileReference</string>
			<key>lastKnownFileType</key>
			<string>wrapper.framework</string>
			<key>path</key>
			<string>BaiduMapAPI_Utils.framework</string>
			<key>sourceTree</key>
			<string>&lt;group&gt;</string>
		</dict>
		<key>F17DC9A71ED7F62A002B0F7F</key>
		<dict>
			<key>children</key>
			<array>
				<string>F17DC9A81ED7F62A002B0F7F</string>
				<string>F17DC9A91ED7F62A002B0F7F</string>
			</array>
			<key>isa</key>
			<string>PBXGroup</string>
			<key>path</key>
			<string>thirdlibs</string>
			<key>sourceTree</key>
			<string>&lt;group&gt;</string>
		</dict>
		<key>F17DC9A81ED7F62A002B0F7F</key>
		<dict>
			<key>isa</key>
			<string>PBXFileReference</string>
			<key>lastKnownFileType</key>
			<string>archive.ar</string>
			<key>path</key>
			<string>libcrypto.a</string>
			<key>sourceTree</key>
			<string>&lt;group&gt;</string>
		</dict>
		<key>F17DC9A91ED7F62A002B0F7F</key>
		<dict>
			<key>isa</key>
			<string>PBXFileReference</string>
			<key>lastKnownFileType</key>
			<string>archive.ar</string>
			<key>path</key>
			<string>libssl.a</string>
			<key>sourceTree</key>
			<string>&lt;group&gt;</string>
		</dict>
		<key>F17DC9AA1ED7F62A002B0F7F</key>
		<dict>
			<key>fileRef</key>
			<string>F17DC9A01ED7F62A002B0F7F</string>
			<key>isa</key>
			<string>PBXBuildFile</string>
		</dict>
		<key>F17DC9AB1ED7F62A002B0F7F</key>
		<dict>
			<key>fileRef</key>
			<string>F17DC9A11ED7F62A002B0F7F</string>
			<key>isa</key>
			<string>PBXBuildFile</string>
		</dict>
		<key>F17DC9AC1ED7F62A002B0F7F</key>
		<dict>
			<key>fileRef</key>
			<string>F17DC9A21ED7F62A002B0F7F</string>
			<key>isa</key>
			<string>PBXBuildFile</string>
		</dict>
		<key>F17DC9AD1ED7F62A002B0F7F</key>
		<dict>
			<key>fileRef</key>
			<string>F17DC9A31ED7F62A002B0F7F</string>
			<key>isa</key>
			<string>PBXBuildFile</string>
		</dict>
		<key>F17DC9AE1ED7F62A002B0F7F</key>
		<dict>
			<key>fileRef</key>
			<string>F17DC9A41ED7F62A002B0F7F</string>
			<key>isa</key>
			<string>PBXBuildFile</string>
		</dict>
		<key>F17DC9AF1ED7F62A002B0F7F</key>
		<dict>
			<key>fileRef</key>
			<string>F17DC9A51ED7F62A002B0F7F</string>
			<key>isa</key>
			<string>PBXBuildFile</string>
		</dict>
		<key>F17DC9B01ED7F62A002B0F7F</key>
		<dict>
			<key>fileRef</key>
			<string>F17DC9A61ED7F62A002B0F7F</string>
			<key>isa</key>
			<string>PBXBuildFile</string>
		</dict>
		<key>F17DC9B11ED7F62A002B0F7F</key>
		<dict>
			<key>fileRef</key>
			<string>F17DC9A81ED7F62A002B0F7F</string>
			<key>isa</key>
			<string>PBXBuildFile</string>
		</dict>
		<key>F17DC9B21ED7F62A002B0F7F</key>
		<dict>
			<key>fileRef</key>
			<string>F17DC9A91ED7F62A002B0F7F</string>
			<key>isa</key>
			<string>PBXBuildFile</string>
		</dict>
		<key>F17DC9B31ED7F6AB002B0F7F</key>
		<dict>
			<key>isa</key>
			<string>PBXFileReference</string>
			<key>lastKnownFileType</key>
			<string>wrapper.framework</string>
			<key>name</key>
			<string>MessageUI.framework</string>
			<key>path</key>
			<string>System/Library/Frameworks/MessageUI.framework</string>
			<key>sourceTree</key>
			<string>SDKROOT</string>
		</dict>
		<key>F17DC9B41ED7F6AB002B0F7F</key>
		<dict>
			<key>fileRef</key>
			<string>F17DC9B31ED7F6AB002B0F7F</string>
			<key>isa</key>
			<string>PBXBuildFile</string>
		</dict>
		<key>F17DC9B51ED7F6B3002B0F7F</key>
		<dict>
			<key>isa</key>
			<string>PBXFileReference</string>
			<key>lastKnownFileType</key>
			<string>wrapper.framework</string>
			<key>name</key>
			<string>Security.framework</string>
			<key>path</key>
			<string>System/Library/Frameworks/Security.framework</string>
			<key>sourceTree</key>
			<string>SDKROOT</string>
		</dict>
		<key>F17DC9B61ED7F6B3002B0F7F</key>
		<dict>
			<key>fileRef</key>
			<string>F17DC9B51ED7F6B3002B0F7F</string>
			<key>isa</key>
			<string>PBXBuildFile</string>
		</dict>
		<key>F17DC9B71ED7F6BC002B0F7F</key>
		<dict>
			<key>isa</key>
			<string>PBXFileReference</string>
			<key>lastKnownFileType</key>
			<string>wrapper.framework</string>
			<key>name</key>
			<string>OpenGLES.framework</string>
			<key>path</key>
			<string>System/Library/Frameworks/OpenGLES.framework</string>
			<key>sourceTree</key>
			<string>SDKROOT</string>
		</dict>
		<key>F17DC9B81ED7F6BC002B0F7F</key>
		<dict>
			<key>fileRef</key>
			<string>F17DC9B71ED7F6BC002B0F7F</string>
			<key>isa</key>
			<string>PBXBuildFile</string>
		</dict>
		<key>F17DC9B91ED7F6C6002B0F7F</key>
		<dict>
			<key>isa</key>
			<string>PBXFileReference</string>
			<key>lastKnownFileType</key>
			<string>wrapper.framework</string>
			<key>name</key>
			<string>QuartzCore.framework</string>
			<key>path</key>
			<string>System/Library/Frameworks/QuartzCore.framework</string>
			<key>sourceTree</key>
			<string>SDKROOT</string>
		</dict>
		<key>F17DC9BA1ED7F6C6002B0F7F</key>
		<dict>
			<key>fileRef</key>
			<string>F17DC9B91ED7F6C6002B0F7F</string>
			<key>isa</key>
			<string>PBXBuildFile</string>
		</dict>
		<key>F17DC9BB1ED7F6CD002B0F7F</key>
		<dict>
			<key>isa</key>
			<string>PBXFileReference</string>
			<key>lastKnownFileType</key>
			<string>wrapper.framework</string>
			<key>name</key>
			<string>SystemConfiguration.framework</string>
			<key>path</key>
			<string>System/Library/Frameworks/SystemConfiguration.framework</string>
			<key>sourceTree</key>
			<string>SDKROOT</string>
		</dict>
		<key>F17DC9BC1ED7F6CD002B0F7F</key>
		<dict>
			<key>fileRef</key>
			<string>F17DC9BB1ED7F6CD002B0F7F</string>
			<key>isa</key>
			<string>PBXBuildFile</string>
		</dict>
		<key>F17DC9BD1ED7F6D7002B0F7F</key>
		<dict>
			<key>isa</key>
			<string>PBXFileReference</string>
			<key>lastKnownFileType</key>
			<string>sourcecode.text-based-dylib-definition</string>
			<key>name</key>
			<string>libsqlite3.0.tbd</string>
			<key>path</key>
			<string>usr/lib/libsqlite3.0.tbd</string>
			<key>sourceTree</key>
			<string>SDKROOT</string>
		</dict>
		<key>F17DC9BE1ED7F6D7002B0F7F</key>
		<dict>
			<key>fileRef</key>
			<string>F17DC9BD1ED7F6D7002B0F7F</string>
			<key>isa</key>
			<string>PBXBuildFile</string>
		</dict>
		<key>F17DC9BF1ED7F6E0002B0F7F</key>
		<dict>
			<key>isa</key>
			<string>PBXFileReference</string>
			<key>lastKnownFileType</key>
			<string>wrapper.framework</string>
			<key>name</key>
			<string>CoreTelephony.framework</string>
			<key>path</key>
			<string>System/Library/Frameworks/CoreTelephony.framework</string>
			<key>sourceTree</key>
			<string>SDKROOT</string>
		</dict>
		<key>F17DC9C01ED7F6E0002B0F7F</key>
		<dict>
			<key>fileRef</key>
			<string>F17DC9BF1ED7F6E0002B0F7F</string>
			<key>isa</key>
			<string>PBXBuildFile</string>
		</dict>
		<key>F17DC9C11ED7F6EB002B0F7F</key>
		<dict>
			<key>isa</key>
			<string>PBXFileReference</string>
			<key>lastKnownFileType</key>
			<string>sourcecode.text-based-dylib-definition</string>
			<key>name</key>
			<string>libstdc++.6.0.9.tbd</string>
			<key>path</key>
			<string>usr/lib/libstdc++.6.0.9.tbd</string>
			<key>sourceTree</key>
			<string>SDKROOT</string>
		</dict>
		<key>F17DC9C21ED7F6EB002B0F7F</key>
		<dict>
			<key>fileRef</key>
			<string>F17DC9C11ED7F6EB002B0F7F</string>
			<key>isa</key>
			<string>PBXBuildFile</string>
		</dict>
		<key>F17DC9C31ED7F6F3002B0F7F</key>
		<dict>
			<key>isa</key>
			<string>PBXFileReference</string>
			<key>lastKnownFileType</key>
			<string>wrapper.framework</string>
			<key>name</key>
			<string>CoreLocation.framework</string>
			<key>path</key>
			<string>System/Library/Frameworks/CoreLocation.framework</string>
			<key>sourceTree</key>
			<string>SDKROOT</string>
		</dict>
		<key>F17DC9C41ED7F6F3002B0F7F</key>
		<dict>
			<key>fileRef</key>
			<string>F17DC9C31ED7F6F3002B0F7F</string>
			<key>isa</key>
			<string>PBXBuildFile</string>
		</dict>
		<key>F17DC9E11ED80138002B0F7F</key>
		<dict>
			<key>children</key>
			<array>
				<string>F17DC9E21ED80138002B0F7F</string>
				<string>F17DC9E31ED80138002B0F7F</string>
				<string>F17DC9E41ED80138002B0F7F</string>
				<string>F17DC9E51ED80138002B0F7F</string>
			</array>
			<key>isa</key>
			<string>PBXGroup</string>
			<key>name</key>
			<string>QRCode</string>
			<key>path</key>
			<string>YTFQRCode</string>
			<key>sourceTree</key>
			<string>&lt;group&gt;</string>
		</dict>
		<key>F17DC9E21ED80138002B0F7F</key>
		<dict>
			<key>fileEncoding</key>
			<string>4</string>
			<key>isa</key>
			<string>PBXFileReference</string>
			<key>lastKnownFileType</key>
			<string>sourcecode.c.h</string>
			<key>path</key>
			<string>YTFScanToolController.h</string>
			<key>sourceTree</key>
			<string>&lt;group&gt;</string>
		</dict>
		<key>F17DC9E31ED80138002B0F7F</key>
		<dict>
			<key>fileEncoding</key>
			<string>4</string>
			<key>isa</key>
			<string>PBXFileReference</string>
			<key>lastKnownFileType</key>
			<string>sourcecode.c.objc</string>
			<key>path</key>
			<string>YTFScanToolController.m</string>
			<key>sourceTree</key>
			<string>&lt;group&gt;</string>
		</dict>
		<key>F17DC9E41ED80138002B0F7F</key>
		<dict>
			<key>fileEncoding</key>
			<string>4</string>
			<key>isa</key>
			<string>PBXFileReference</string>
			<key>lastKnownFileType</key>
			<string>sourcecode.c.h</string>
			<key>path</key>
			<string>YTFScanView.h</string>
			<key>sourceTree</key>
			<string>&lt;group&gt;</string>
		</dict>
		<key>F17DC9E51ED80138002B0F7F</key>
		<dict>
			<key>fileEncoding</key>
			<string>4</string>
			<key>isa</key>
			<string>PBXFileReference</string>
			<key>lastKnownFileType</key>
			<string>sourcecode.c.objc</string>
			<key>path</key>
			<string>YTFScanView.m</string>
			<key>sourceTree</key>
			<string>&lt;group&gt;</string>
		</dict>
		<key>F17DC9E61ED80138002B0F7F</key>
		<dict>
			<key>fileRef</key>
			<string>F17DC9E31ED80138002B0F7F</string>
			<key>isa</key>
			<string>PBXBuildFile</string>
		</dict>
		<key>F17DC9E71ED80138002B0F7F</key>
		<dict>
			<key>fileRef</key>
			<string>F17DC9E51ED80138002B0F7F</string>
			<key>isa</key>
			<string>PBXBuildFile</string>
		</dict>
		<key>F17DC9E81ED8029C002B0F7F</key>
		<dict>
			<key>children</key>
			<array>
				<string>F17DC9E91ED802EA002B0F7F</string>
				<string>F17DC9EA1ED802EA002B0F7F</string>
				<string>F17DC9EB1ED802EA002B0F7F</string>
				<string>F17DC9EC1ED802EA002B0F7F</string>
				<string>F17DC9ED1ED802EA002B0F7F</string>
			</array>
			<key>isa</key>
			<string>PBXGroup</string>
			<key>path</key>
			<string>Image</string>
			<key>sourceTree</key>
			<string>&lt;group&gt;</string>
		</dict>
		<key>F17DC9E91ED802EA002B0F7F</key>
		<dict>
			<key>isa</key>
			<string>PBXFileReference</string>
			<key>lastKnownFileType</key>
			<string>image.png</string>
			<key>path</key>
			<string>qr_album.png</string>
			<key>sourceTree</key>
			<string>&lt;group&gt;</string>
		</dict>
		<key>F17DC9EA1ED802EA002B0F7F</key>
		<dict>
			<key>isa</key>
			<string>PBXFileReference</string>
			<key>lastKnownFileType</key>
			<string>image.png</string>
			<key>path</key>
			<string>qr_back.png</string>
			<key>sourceTree</key>
			<string>&lt;group&gt;</string>
		</dict>
		<key>F17DC9EB1ED802EA002B0F7F</key>
		<dict>
			<key>isa</key>
			<string>PBXFileReference</string>
			<key>lastKnownFileType</key>
			<string>image.png</string>
			<key>path</key>
			<string>qr_light_off.png</string>
			<key>sourceTree</key>
			<string>&lt;group&gt;</string>
		</dict>
		<key>F17DC9EC1ED802EA002B0F7F</key>
		<dict>
			<key>isa</key>
			<string>PBXFileReference</string>
			<key>lastKnownFileType</key>
			<string>image.png</string>
			<key>path</key>
			<string>qr_light_on.png</string>
			<key>sourceTree</key>
			<string>&lt;group&gt;</string>
		</dict>
		<key>F17DC9ED1ED802EA002B0F7F</key>
		<dict>
			<key>isa</key>
			<string>PBXFileReference</string>
			<key>lastKnownFileType</key>
			<string>image.png</string>
			<key>path</key>
			<string>qr_line.png</string>
			<key>sourceTree</key>
			<string>&lt;group&gt;</string>
		</dict>
		<key>F17DC9EE1ED802EA002B0F7F</key>
		<dict>
			<key>fileRef</key>
			<string>F17DC9E91ED802EA002B0F7F</string>
			<key>isa</key>
			<string>PBXBuildFile</string>
		</dict>
		<key>F17DC9EF1ED802EA002B0F7F</key>
		<dict>
			<key>fileRef</key>
			<string>F17DC9EA1ED802EA002B0F7F</string>
			<key>isa</key>
			<string>PBXBuildFile</string>
		</dict>
		<key>F17DC9F01ED802EA002B0F7F</key>
		<dict>
			<key>fileRef</key>
			<string>F17DC9EB1ED802EA002B0F7F</string>
			<key>isa</key>
			<string>PBXBuildFile</string>
		</dict>
		<key>F17DC9F11ED802EA002B0F7F</key>
		<dict>
			<key>fileRef</key>
			<string>F17DC9EC1ED802EA002B0F7F</string>
			<key>isa</key>
			<string>PBXBuildFile</string>
		</dict>
		<key>F17DC9F21ED802EA002B0F7F</key>
		<dict>
			<key>fileRef</key>
			<string>F17DC9ED1ED802EA002B0F7F</string>
			<key>isa</key>
			<string>PBXBuildFile</string>
		</dict>
		<key>F17DC9F51ED805CF002B0F7F</key>
		<dict>
			<key>children</key>
			<array>
				<string>F18FCE9D1EE10D3200985482</string>
				<string>F17DCA021ED806B7002B0F7F</string>
				<string>F17DCA061ED806B7002B0F7F</string>
				<string>F17DCA0A1ED806B7002B0F7F</string>
				<string>F1FF8E6F1F61290D007F8085</string>
			</array>
			<key>isa</key>
			<string>PBXGroup</string>
			<key>path</key>
			<string>Module</string>
			<key>sourceTree</key>
			<string>&lt;group&gt;</string>
		</dict>
		<key>F17DC9FF1ED80640002B0F7F</key>
		<dict>
			<key>children</key>
			<array>
				<string>F17DCA001ED8065B002B0F7F</string>
			</array>
			<key>isa</key>
			<string>PBXGroup</string>
			<key>path</key>
			<string>Base</string>
			<key>sourceTree</key>
			<string>&lt;group&gt;</string>
		</dict>
		<key>F17DCA001ED8065B002B0F7F</key>
		<dict>
			<key>fileEncoding</key>
			<string>4</string>
			<key>isa</key>
			<string>PBXFileReference</string>
			<key>lastKnownFileType</key>
			<string>sourcecode.swift</string>
			<key>path</key>
			<string>BaseViewController.swift</string>
			<key>sourceTree</key>
			<string>&lt;group&gt;</string>
		</dict>
		<key>F17DCA011ED8065B002B0F7F</key>
		<dict>
			<key>fileRef</key>
			<string>F17DCA001ED8065B002B0F7F</string>
			<key>isa</key>
			<string>PBXBuildFile</string>
		</dict>
		<key>F17DCA021ED806B7002B0F7F</key>
		<dict>
			<key>children</key>
			<array>
				<string>F144186D1EF10E0600F8691E</string>
				<string>F17DCA031ED806B7002B0F7F</string>
				<string>F17DCA041ED806B7002B0F7F</string>
				<string>F17DCA051ED806B7002B0F7F</string>
			</array>
			<key>isa</key>
			<string>PBXGroup</string>
			<key>path</key>
			<string>FirstModule</string>
			<key>sourceTree</key>
			<string>&lt;group&gt;</string>
		</dict>
		<key>F17DCA031ED806B7002B0F7F</key>
		<dict>
			<key>children</key>
			<array>
				<string>F17DCA151ED82373002B0F7F</string>
			</array>
			<key>isa</key>
			<string>PBXGroup</string>
			<key>path</key>
			<string>Controller</string>
			<key>sourceTree</key>
			<string>&lt;group&gt;</string>
		</dict>
		<key>F17DCA041ED806B7002B0F7F</key>
		<dict>
			<key>children</key>
			<array>
				<string>F1FF8E6D1F611F62007F8085</string>
			</array>
			<key>isa</key>
			<string>PBXGroup</string>
			<key>path</key>
			<string>Model</string>
			<key>sourceTree</key>
			<string>&lt;group&gt;</string>
		</dict>
		<key>F17DCA051ED806B7002B0F7F</key>
		<dict>
			<key>children</key>
			<array>
				<string>F18496F41F38986F00867731</string>
				<string>F18496F61F38987A00867731</string>
			</array>
			<key>isa</key>
			<string>PBXGroup</string>
			<key>path</key>
			<string>View</string>
			<key>sourceTree</key>
			<string>&lt;group&gt;</string>
		</dict>
		<key>F17DCA061ED806B7002B0F7F</key>
		<dict>
			<key>children</key>
			<array>
				<string>F169C0CA1F395EB600329B76</string>
				<string>F169C0CB1F395EB600329B76</string>
				<string>F169C0CC1F395EB600329B76</string>
				<string>F169C0CD1F395EB600329B76</string>
				<string>F169C0CE1F395EB600329B76</string>
			</array>
			<key>isa</key>
			<string>PBXGroup</string>
			<key>path</key>
			<string>SecondModule</string>
			<key>sourceTree</key>
			<string>&lt;group&gt;</string>
		</dict>
		<key>F17DCA0A1ED806B7002B0F7F</key>
		<dict>
			<key>children</key>
			<array>
				<string>D41EBD1A1F3BF8C30005EF9A</string>
			</array>
			<key>isa</key>
			<string>PBXGroup</string>
			<key>path</key>
			<string>ThirdModule</string>
			<key>sourceTree</key>
			<string>&lt;group&gt;</string>
		</dict>
		<key>F17DCA141ED8147E002B0F7F</key>
		<dict>
			<key>isa</key>
			<string>PBXFileReference</string>
			<key>lastKnownFileType</key>
			<string>sourcecode.c.h</string>
			<key>path</key>
			<string>UhomePrefixHeader.pch</string>
			<key>sourceTree</key>
			<string>&lt;group&gt;</string>
		</dict>
		<key>F17DCA151ED82373002B0F7F</key>
		<dict>
			<key>fileEncoding</key>
			<string>4</string>
			<key>isa</key>
			<string>PBXFileReference</string>
			<key>lastKnownFileType</key>
			<string>sourcecode.swift</string>
			<key>path</key>
			<string>BMPViewController.swift</string>
			<key>sourceTree</key>
			<string>&lt;group&gt;</string>
		</dict>
		<key>F17DCA161ED82373002B0F7F</key>
		<dict>
			<key>fileRef</key>
			<string>F17DCA151ED82373002B0F7F</string>
			<key>isa</key>
			<string>PBXBuildFile</string>
		</dict>
		<key>F17DCA181ED83073002B0F7F</key>
		<dict>
			<key>children</key>
			<array>
				<string>F17DCA191ED83073002B0F7F</string>
			</array>
			<key>isa</key>
			<string>PBXGroup</string>
			<key>name</key>
			<string>Resources</string>
			<key>path</key>
			<string>BaiduMapAPI_Map.framework/Resources</string>
			<key>sourceTree</key>
			<string>&lt;group&gt;</string>
		</dict>
		<key>F17DCA191ED83073002B0F7F</key>
		<dict>
			<key>isa</key>
			<string>PBXFileReference</string>
			<key>lastKnownFileType</key>
			<string>wrapper.plug-in</string>
			<key>path</key>
			<string>mapapi.bundle</string>
			<key>sourceTree</key>
			<string>&lt;group&gt;</string>
		</dict>
		<key>F17DCA1A1ED83073002B0F7F</key>
		<dict>
			<key>fileRef</key>
			<string>F17DCA191ED83073002B0F7F</string>
			<key>isa</key>
			<string>PBXBuildFile</string>
		</dict>
		<key>F18496D91F380E4500867731</key>
		<dict>
			<key>children</key>
			<array>
				<string>F18496DD1F380E4500867731</string>
				<string>F18496DE1F380E4500867731</string>
				<string>F18496DF1F380E4500867731</string>
				<string>F18496E01F380E4500867731</string>
			</array>
			<key>isa</key>
			<string>PBXGroup</string>
			<key>path</key>
			<string>DataBase</string>
			<key>sourceTree</key>
			<string>&lt;group&gt;</string>
		</dict>
		<key>F18496DD1F380E4500867731</key>
		<dict>
			<key>fileEncoding</key>
			<string>4</string>
			<key>isa</key>
			<string>PBXFileReference</string>
			<key>lastKnownFileType</key>
			<string>sourcecode.c.h</string>
			<key>path</key>
			<string>TXModelAchivar.h</string>
			<key>sourceTree</key>
			<string>&lt;group&gt;</string>
		</dict>
		<key>F18496DE1F380E4500867731</key>
		<dict>
			<key>fileEncoding</key>
			<string>4</string>
			<key>isa</key>
			<string>PBXFileReference</string>
			<key>lastKnownFileType</key>
			<string>sourcecode.c.objc</string>
			<key>path</key>
			<string>TXModelAchivar.m</string>
			<key>sourceTree</key>
			<string>&lt;group&gt;</string>
		</dict>
		<key>F18496DF1F380E4500867731</key>
		<dict>
			<key>fileEncoding</key>
			<string>4</string>
			<key>isa</key>
			<string>PBXFileReference</string>
			<key>lastKnownFileType</key>
			<string>sourcecode.c.h</string>
			<key>path</key>
			<string>TXUserModel.h</string>
			<key>sourceTree</key>
			<string>&lt;group&gt;</string>
		</dict>
		<key>F18496E01F380E4500867731</key>
		<dict>
			<key>fileEncoding</key>
			<string>4</string>
			<key>isa</key>
			<string>PBXFileReference</string>
			<key>lastKnownFileType</key>
			<string>sourcecode.c.objc</string>
			<key>path</key>
			<string>TXUserModel.m</string>
			<key>sourceTree</key>
			<string>&lt;group&gt;</string>
		</dict>
		<key>F18496E21F380E4500867731</key>
		<dict>
			<key>fileRef</key>
			<string>F18496DE1F380E4500867731</string>
			<key>isa</key>
			<string>PBXBuildFile</string>
		</dict>
		<key>F18496E31F380E4500867731</key>
		<dict>
			<key>fileRef</key>
			<string>F18496E01F380E4500867731</string>
			<key>isa</key>
			<string>PBXBuildFile</string>
		</dict>
		<key>F18496E41F38719300867731</key>
		<dict>
			<key>children</key>
			<array>
				<string>F18496E71F38738E00867731</string>
				<string>F18496E81F38738E00867731</string>
				<string>F18496EA1F38912A00867731</string>
				<string>F18496EB1F38912A00867731</string>
			</array>
			<key>isa</key>
			<string>PBXGroup</string>
			<key>path</key>
			<string>View</string>
			<key>sourceTree</key>
			<string>&lt;group&gt;</string>
		</dict>
		<key>F18496E71F38738E00867731</key>
		<dict>
			<key>fileEncoding</key>
			<string>4</string>
			<key>isa</key>
			<string>PBXFileReference</string>
			<key>lastKnownFileType</key>
			<string>sourcecode.c.h</string>
			<key>path</key>
			<string>WSAuthCode.h</string>
			<key>sourceTree</key>
			<string>&lt;group&gt;</string>
		</dict>
		<key>F18496E81F38738E00867731</key>
		<dict>
			<key>fileEncoding</key>
			<string>4</string>
			<key>isa</key>
			<string>PBXFileReference</string>
			<key>lastKnownFileType</key>
			<string>sourcecode.c.objc</string>
			<key>path</key>
			<string>WSAuthCode.m</string>
			<key>sourceTree</key>
			<string>&lt;group&gt;</string>
		</dict>
		<key>F18496E91F38738E00867731</key>
		<dict>
			<key>fileRef</key>
			<string>F18496E81F38738E00867731</string>
			<key>isa</key>
			<string>PBXBuildFile</string>
		</dict>
		<key>F18496EA1F38912A00867731</key>
		<dict>
			<key>fileEncoding</key>
			<string>4</string>
			<key>isa</key>
			<string>PBXFileReference</string>
			<key>lastKnownFileType</key>
			<string>sourcecode.c.h</string>
			<key>path</key>
			<string>TXCountDownTime.h</string>
			<key>sourceTree</key>
			<string>&lt;group&gt;</string>
		</dict>
		<key>F18496EB1F38912A00867731</key>
		<dict>
			<key>fileEncoding</key>
			<string>4</string>
			<key>isa</key>
			<string>PBXFileReference</string>
			<key>lastKnownFileType</key>
			<string>sourcecode.c.objc</string>
			<key>path</key>
			<string>TXCountDownTime.m</string>
			<key>sourceTree</key>
			<string>&lt;group&gt;</string>
		</dict>
		<key>F18496EC1F38912A00867731</key>
		<dict>
			<key>fileRef</key>
			<string>F18496EB1F38912A00867731</string>
			<key>isa</key>
			<string>PBXBuildFile</string>
		</dict>
		<key>F18496F41F38986F00867731</key>
		<dict>
			<key>fileEncoding</key>
			<string>4</string>
			<key>isa</key>
			<string>PBXFileReference</string>
			<key>lastKnownFileType</key>
			<string>sourcecode.swift</string>
			<key>path</key>
			<string>CustomBottomView.swift</string>
			<key>sourceTree</key>
			<string>&lt;group&gt;</string>
		</dict>
		<key>F18496F51F38986F00867731</key>
		<dict>
			<key>fileRef</key>
			<string>F18496F41F38986F00867731</string>
			<key>isa</key>
			<string>PBXBuildFile</string>
		</dict>
		<key>F18496F61F38987A00867731</key>
		<dict>
			<key>fileEncoding</key>
			<string>4</string>
			<key>isa</key>
			<string>PBXFileReference</string>
			<key>lastKnownFileType</key>
			<string>file.xib</string>
			<key>path</key>
			<string>CustomBottomView.xib</string>
			<key>sourceTree</key>
			<string>&lt;group&gt;</string>
		</dict>
		<key>F18496F71F38987A00867731</key>
		<dict>
			<key>fileRef</key>
			<string>F18496F61F38987A00867731</string>
			<key>isa</key>
			<string>PBXBuildFile</string>
		</dict>
		<key>F18FCE9D1EE10D3200985482</key>
		<dict>
			<key>children</key>
			<array>
				<string>F18FCEAF1EE1508800985482</string>
			</array>
			<key>isa</key>
			<string>PBXGroup</string>
			<key>path</key>
			<string>Login</string>
			<key>sourceTree</key>
			<string>&lt;group&gt;</string>
		</dict>
		<key>F18FCEAF1EE1508800985482</key>
		<dict>
			<key>children</key>
			<array>
				<string>F18FCEB01EE1508800985482</string>
				<string>D41EBD121F3AF4490005EF9A</string>
				<string>F18496E41F38719300867731</string>
			</array>
			<key>isa</key>
			<string>PBXGroup</string>
			<key>path</key>
			<string>Controller</string>
			<key>sourceTree</key>
			<string>&lt;group&gt;</string>
		</dict>
		<key>F18FCEB01EE1508800985482</key>
		<dict>
			<key>fileEncoding</key>
			<string>4</string>
			<key>isa</key>
			<string>PBXFileReference</string>
			<key>lastKnownFileType</key>
			<string>sourcecode.swift</string>
			<key>path</key>
			<string>LoginViewController.swift</string>
			<key>sourceTree</key>
			<string>&lt;group&gt;</string>
		</dict>
		<key>F18FCEB11EE1508800985482</key>
		<dict>
			<key>fileRef</key>
			<string>F18FCEB01EE1508800985482</string>
			<key>isa</key>
			<string>PBXBuildFile</string>
		</dict>
		<key>F1FF8E6D1F611F62007F8085</key>
		<dict>
			<key>fileEncoding</key>
			<string>4</string>
			<key>isa</key>
			<string>PBXFileReference</string>
			<key>lastKnownFileType</key>
			<string>sourcecode.swift</string>
			<key>path</key>
			<string>ProjectModel.swift</string>
			<key>sourceTree</key>
			<string>&lt;group&gt;</string>
		</dict>
		<key>F1FF8E6E1F611F62007F8085</key>
		<dict>
			<key>fileRef</key>
			<string>F1FF8E6D1F611F62007F8085</string>
			<key>isa</key>
			<string>PBXBuildFile</string>
		</dict>
		<key>F1FF8E6F1F61290D007F8085</key>
		<dict>
			<key>children</key>
			<array>
				<string>F1FF8E701F61290D007F8085</string>
				<string>F1FF8E711F61290D007F8085</string>
				<string>F1FF8E721F61290D007F8085</string>
			</array>
			<key>isa</key>
			<string>PBXGroup</string>
			<key>path</key>
			<string>ProjectHouses</string>
			<key>sourceTree</key>
			<string>&lt;group&gt;</string>
		</dict>
		<key>F1FF8E701F61290D007F8085</key>
		<dict>
			<key>children</key>
			<array>
				<string>F1FF8E771F612B6A007F8085</string>
				<string>F1FF8E7D1F6130DD007F8085</string>
			</array>
			<key>isa</key>
			<string>PBXGroup</string>
			<key>path</key>
			<string>Controller</string>
			<key>sourceTree</key>
			<string>&lt;group&gt;</string>
		</dict>
		<key>F1FF8E711F61290D007F8085</key>
		<dict>
			<key>children</key>
			<array/>
			<key>isa</key>
			<string>PBXGroup</string>
			<key>path</key>
			<string>Model</string>
			<key>sourceTree</key>
			<string>&lt;group&gt;</string>
		</dict>
		<key>F1FF8E721F61290D007F8085</key>
		<dict>
			<key>children</key>
			<array>
				<string>F1FF8E791F612DD0007F8085</string>
				<string>F1FF8E7A1F612DD0007F8085</string>
			</array>
			<key>isa</key>
			<string>PBXGroup</string>
			<key>path</key>
			<string>View</string>
			<key>sourceTree</key>
			<string>&lt;group&gt;</string>
		</dict>
		<key>F1FF8E771F612B6A007F8085</key>
		<dict>
			<key>fileEncoding</key>
			<string>4</string>
			<key>isa</key>
			<string>PBXFileReference</string>
			<key>lastKnownFileType</key>
			<string>sourcecode.swift</string>
			<key>path</key>
			<string>ProjectHousesViewController.swift</string>
			<key>sourceTree</key>
			<string>&lt;group&gt;</string>
		</dict>
		<key>F1FF8E781F612B6A007F8085</key>
		<dict>
			<key>fileRef</key>
			<string>F1FF8E771F612B6A007F8085</string>
			<key>isa</key>
			<string>PBXBuildFile</string>
		</dict>
		<key>F1FF8E791F612DD0007F8085</key>
		<dict>
			<key>fileEncoding</key>
			<string>4</string>
			<key>isa</key>
			<string>PBXFileReference</string>
			<key>lastKnownFileType</key>
			<string>sourcecode.swift</string>
			<key>path</key>
			<string>HouseTableViewCell.swift</string>
			<key>sourceTree</key>
			<string>&lt;group&gt;</string>
		</dict>
		<key>F1FF8E7A1F612DD0007F8085</key>
		<dict>
			<key>fileEncoding</key>
			<string>4</string>
			<key>isa</key>
			<string>PBXFileReference</string>
			<key>lastKnownFileType</key>
			<string>file.xib</string>
			<key>path</key>
			<string>HouseTableViewCell.xib</string>
			<key>sourceTree</key>
			<string>&lt;group&gt;</string>
		</dict>
		<key>F1FF8E7B1F612DD0007F8085</key>
		<dict>
			<key>fileRef</key>
			<string>F1FF8E791F612DD0007F8085</string>
			<key>isa</key>
			<string>PBXBuildFile</string>
		</dict>
		<key>F1FF8E7C1F612DD0007F8085</key>
		<dict>
			<key>fileRef</key>
			<string>F1FF8E7A1F612DD0007F8085</string>
			<key>isa</key>
			<string>PBXBuildFile</string>
		</dict>
		<key>F1FF8E7D1F6130DD007F8085</key>
		<dict>
			<key>fileEncoding</key>
			<string>4</string>
			<key>isa</key>
			<string>PBXFileReference</string>
			<key>lastKnownFileType</key>
			<string>sourcecode.swift</string>
			<key>path</key>
			<string>HouseDetailViewController.swift</string>
			<key>sourceTree</key>
			<string>&lt;group&gt;</string>
		</dict>
		<key>F1FF8E7E1F6130DD007F8085</key>
		<dict>
			<key>fileRef</key>
			<string>F1FF8E7D1F6130DD007F8085</string>
			<key>isa</key>
			<string>PBXBuildFile</string>
		</dict>
		<key>F1FF8E7F1F6135DC007F8085</key>
		<dict>
			<key>fileEncoding</key>
			<string>4</string>
			<key>isa</key>
			<string>PBXFileReference</string>
			<key>lastKnownFileType</key>
			<string>sourcecode.swift</string>
			<key>path</key>
			<string>PersonalTableViewCell.swift</string>
			<key>sourceTree</key>
			<string>&lt;group&gt;</string>
		</dict>
		<key>F1FF8E801F6135DC007F8085</key>
		<dict>
			<key>fileEncoding</key>
			<string>4</string>
			<key>isa</key>
			<string>PBXFileReference</string>
			<key>lastKnownFileType</key>
			<string>file.xib</string>
			<key>path</key>
			<string>PersonalTableViewCell.xib</string>
			<key>sourceTree</key>
			<string>&lt;group&gt;</string>
		</dict>
		<key>F1FF8E811F6135DC007F8085</key>
		<dict>
			<key>fileRef</key>
			<string>F1FF8E7F1F6135DC007F8085</string>
			<key>isa</key>
			<string>PBXBuildFile</string>
		</dict>
		<key>F1FF8E821F6135DC007F8085</key>
		<dict>
			<key>fileRef</key>
			<string>F1FF8E801F6135DC007F8085</string>
			<key>isa</key>
			<string>PBXBuildFile</string>
		</dict>
		<key>F1FF8E831F613908007F8085</key>
		<dict>
			<key>fileEncoding</key>
			<string>4</string>
			<key>isa</key>
			<string>PBXFileReference</string>
			<key>lastKnownFileType</key>
			<string>sourcecode.swift</string>
			<key>path</key>
			<string>MyOrderViewController.swift</string>
			<key>sourceTree</key>
			<string>&lt;group&gt;</string>
		</dict>
		<key>F1FF8E841F613908007F8085</key>
		<dict>
			<key>fileRef</key>
			<string>F1FF8E831F613908007F8085</string>
			<key>isa</key>
			<string>PBXBuildFile</string>
		</dict>
		<key>F1FF8E851F613916007F8085</key>
		<dict>
			<key>fileEncoding</key>
			<string>4</string>
			<key>isa</key>
			<string>PBXFileReference</string>
			<key>lastKnownFileType</key>
			<string>sourcecode.swift</string>
			<key>path</key>
			<string>MyMessageViewController.swift</string>
			<key>sourceTree</key>
			<string>&lt;group&gt;</string>
		</dict>
		<key>F1FF8E861F613916007F8085</key>
		<dict>
			<key>fileRef</key>
			<string>F1FF8E851F613916007F8085</string>
			<key>isa</key>
			<string>PBXBuildFile</string>
		</dict>
		<key>F1FF8E871F613920007F8085</key>
		<dict>
			<key>fileEncoding</key>
			<string>4</string>
			<key>isa</key>
			<string>PBXFileReference</string>
			<key>lastKnownFileType</key>
			<string>sourcecode.swift</string>
			<key>path</key>
			<string>MyHouseViewController.swift</string>
			<key>sourceTree</key>
			<string>&lt;group&gt;</string>
		</dict>
		<key>F1FF8E881F613920007F8085</key>
		<dict>
			<key>fileRef</key>
			<string>F1FF8E871F613920007F8085</string>
			<key>isa</key>
			<string>PBXBuildFile</string>
		</dict>
		<key>F1FF8E891F61392D007F8085</key>
		<dict>
			<key>fileEncoding</key>
			<string>4</string>
			<key>isa</key>
			<string>PBXFileReference</string>
			<key>lastKnownFileType</key>
			<string>sourcecode.swift</string>
			<key>path</key>
			<string>CommonQuestionViewController.swift</string>
			<key>sourceTree</key>
			<string>&lt;group&gt;</string>
		</dict>
		<key>F1FF8E8A1F61392D007F8085</key>
		<dict>
			<key>fileRef</key>
			<string>F1FF8E891F61392D007F8085</string>
			<key>isa</key>
			<string>PBXBuildFile</string>
		</dict>
		<key>F1FF8E8B1F6139BB007F8085</key>
		<dict>
			<key>fileEncoding</key>
			<string>4</string>
			<key>isa</key>
			<string>PBXFileReference</string>
			<key>lastKnownFileType</key>
			<string>sourcecode.swift</string>
			<key>path</key>
			<string>OrderDetailViewController.swift</string>
			<key>sourceTree</key>
			<string>&lt;group&gt;</string>
		</dict>
		<key>F1FF8E8C1F6139BB007F8085</key>
		<dict>
			<key>fileRef</key>
			<string>F1FF8E8B1F6139BB007F8085</string>
			<key>isa</key>
			<string>PBXBuildFile</string>
		</dict>
		<key>F1FF8E8D1F6139E4007F8085</key>
		<dict>
			<key>fileEncoding</key>
			<string>4</string>
			<key>isa</key>
			<string>PBXFileReference</string>
			<key>lastKnownFileType</key>
			<string>sourcecode.swift</string>
			<key>path</key>
			<string>PayOrderViewController.swift</string>
			<key>sourceTree</key>
			<string>&lt;group&gt;</string>
		</dict>
		<key>F1FF8E8E1F6139E4007F8085</key>
		<dict>
			<key>fileRef</key>
			<string>F1FF8E8D1F6139E4007F8085</string>
			<key>isa</key>
			<string>PBXBuildFile</string>
		</dict>
	</dict>
	<key>rootObject</key>
	<string>270FDBDD1ED5A3D90047D162</string>
</dict>
</plist>
